
Microsoft Visual Studio Solution File, Format Version 12.00
# Visual Studio Version 17
VisualStudioVersion = 17.5.002.0
MinimumVisualStudioVersion = 10.0.40219.1
Project("{9A19103F-16F7-4668-BE54-9A1E7A4F7556}") = "DesafiosSistemaAgendamentoTarefas", "DesafiosSistemaAgendamentoTarefas.csproj", "{66E88FFA-B843-4485-8E6C-362E90C8D4BA}"
EndProject
Global
	GlobalSection(SolutionConfigurationPlatforms) = preSolution
		Debug|Any CPU = Debug|Any CPU
		Release|Any CPU = Release|Any CPU
	EndGlobalSection
	GlobalSection(ProjectConfigurationPlatforms) = postSolution
		{66E88FFA-B843-4485-8E6C-362E90C8D4BA}.Debug|Any CPU.ActiveCfg = Debug|Any CPU
		{66E88FFA-B843-4485-8E6C-362E90C8D4BA}.Debug|Any CPU.Build.0 = Debug|Any CPU
		{66E88FFA-B843-4485-8E6C-362E90C8D4BA}.Release|Any CPU.ActiveCfg = Release|Any CPU
		{66E88FFA-B843-4485-8E6C-362E90C8D4BA}.Release|Any CPU.Build.0 = Release|Any CPU
	EndGlobalSection
	GlobalSection(SolutionProperties) = preSolution
		HideSolutionNode = FALSE
	EndGlobalSection
	GlobalSection(ExtensibilityGlobals) = postSolution
		SolutionGuid = {392BA2E0-B076-4B59-B37E-40940191C388}
	EndGlobalSection
EndGlobal
